
Microsoft Visual Studio Solution File, Format Version 12.00
# Visual Studio Version 17
VisualStudioVersion = 17.6.33801.468
MinimumVisualStudioVersion = 10.0.40219.1
Project("{FAE04EC0-301F-11D3-BF4B-00C04F79EFBC}") = "AdventureWorks", "AdventureWorks\AdventureWorks.csproj", "{E2DDA877-1586-49F5-AB78-0C938DFAFE6A}"
EndProject
Global
	GlobalSection(SolutionConfigurationPlatforms) = preSolution
		Debug|Any CPU = Debug|Any CPU
		Release|Any CPU = Release|Any CPU
	EndGlobalSection
	GlobalSection(ProjectConfigurationPlatforms) = postSolution
		{E2DDA877-1586-49F5-AB78-0C938DFAFE6A}.Debug|Any CPU.ActiveCfg = Debug|Any CPU
		{E2DDA877-1586-49F5-AB78-0C938DFAFE6A}.Debug|Any CPU.Build.0 = Debug|Any CPU
		{E2DDA877-1586-49F5-AB78-0C938DFAFE6A}.Release|Any CPU.ActiveCfg = Release|Any CPU
		{E2DDA877-1586-49F5-AB78-0C938DFAFE6A}.Release|Any CPU.Build.0 = Release|Any CPU
	EndGlobalSection
	GlobalSection(SolutionProperties) = preSolution
		HideSolutionNode = FALSE
	EndGlobalSection
	GlobalSection(ExtensibilityGlobals) = postSolution
		SolutionGuid = {517AE950-1C46-43B9-9987-5DE88CB073DE}
	EndGlobalSection
EndGlobal
